
Microsoft Visual Studio Solution File, Format Version 12.00
# Visual Studio Version 17
VisualStudioVersion = 17.5.33402.96
MinimumVisualStudioVersion = 10.0.40219.1
Project("{9A19103F-16F7-4668-BE54-9A1E7A4F7556}") = "dotNeat.Common.Patterns", "dotNeat.Common.Patterns\dotNeat.Common.Patterns.csproj", "{5EBD1DED-FC7F-4014-A35C-5F9025F558E3}"
EndProject
Project("{2150E333-8FDC-42A3-9474-1A3956D46DE8}") = "UnitTests", "UnitTests", "{42521B9B-CA4E-4309-BD02-372A063FD436}"
EndProject
Project("{9A19103F-16F7-4668-BE54-9A1E7A4F7556}") = "dotNeat.Common.DataStructures", "dotNeat.Common.DataStructures\dotNeat.Common.DataStructures.csproj", "{DD8B1835-316E-414B-8672-CF07320DA6AB}"
EndProject
Project("{9A19103F-16F7-4668-BE54-9A1E7A4F7556}") = "dotNeat.Common.DataAccess", "dotNeat.Common.DataAccess\dotNeat.Common.DataAccess.csproj", "{12E699D4-0176-4DAE-812F-D626530E244C}"
EndProject
Project("{9A19103F-16F7-4668-BE54-9A1E7A4F7556}") = "UnitTest.dotNeat.Common.DataStructures", "UnitTest.dotNeat.Common.DataStructures\UnitTest.dotNeat.Common.DataStructures.csproj", "{8DBFD96A-9780-4295-8C1F-B10159C20D73}"
EndProject
Project("{9A19103F-16F7-4668-BE54-9A1E7A4F7556}") = "UnitTest.dotNeat.Common.DataAccess", "UnitTest.dotNeat.Common.DataAccess\UnitTest.dotNeat.Common.DataAccess.csproj", "{44FE03D4-0695-4835-BF1C-9D08B4CC2B83}"
EndProject
Project("{9A19103F-16F7-4668-BE54-9A1E7A4F7556}") = "UnitTest.dotNeat.Common.Patterns", "UnitTest.dotNeat.Common.Patterns\UnitTest.dotNeat.Common.Patterns.csproj", "{A35C705A-CE53-4F23-A395-D71437B4BA57}"
EndProject
Project("{9A19103F-16F7-4668-BE54-9A1E7A4F7556}") = "dotNeat.Common.DataAccess.EFCore", "dotNeat.Common.DataAccess.EFCore\dotNeat.Common.DataAccess.EFCore.csproj", "{4D2A005E-2C6A-496E-9DED-6A7912F4F1F6}"
EndProject
Project("{9A19103F-16F7-4668-BE54-9A1E7A4F7556}") = "dotNeat.Common.Utilities", "dotNeat.Common.Utilities\dotNeat.Common.Utilities.csproj", "{EC53870E-7F41-477C-ACBE-B444D42CB4CD}"
EndProject
Project("{9A19103F-16F7-4668-BE54-9A1E7A4F7556}") = "UnitTest.dotNeat.Common.Utilities", "UnitTest.dotNeat.Common.Utilities\UnitTest.dotNeat.Common.Utilities.csproj", "{6AA18D8D-1E89-4BE0-9D47-7AF078EA2A71}"
EndProject
Project("{9A19103F-16F7-4668-BE54-9A1E7A4F7556}") = "dotNeat.Common.ViewModel", "dotNeat.Common.ViewModel\dotNeat.Common.ViewModel.csproj", "{9F3968FB-89D7-4F13-A645-E19BA1270DC7}"
EndProject
Project("{9A19103F-16F7-4668-BE54-9A1E7A4F7556}") = "UnitTest.dotNeat.Common.ViewModel", "UnitTest.dotNeat.Common.ViewModel\UnitTest.dotNeat.Common.ViewModel.csproj", "{BFEE405C-8B4C-4204-A73B-6BF8F16D790C}"
EndProject
Project("{2150E333-8FDC-42A3-9474-1A3956D46DE8}") = "SolutionItems", "SolutionItems", "{3C36254D-C642-4FCE-BB83-0F7E2B45C773}"
	ProjectSection(SolutionItems) = preProject
		Directory.Build.props = Directory.Build.props
		Product.Build.Global.csproj = Product.Build.Global.csproj
		UnitTest.Build.Global.csproj = UnitTest.Build.Global.csproj
	EndProjectSection
EndProject
Global
	GlobalSection(SolutionConfigurationPlatforms) = preSolution
		Debug|Any CPU = Debug|Any CPU
		Release|Any CPU = Release|Any CPU
	EndGlobalSection
	GlobalSection(ProjectConfigurationPlatforms) = postSolution
		{5EBD1DED-FC7F-4014-A35C-5F9025F558E3}.Debug|Any CPU.ActiveCfg = Debug|Any CPU
		{5EBD1DED-FC7F-4014-A35C-5F9025F558E3}.Debug|Any CPU.Build.0 = Debug|Any CPU
		{5EBD1DED-FC7F-4014-A35C-5F9025F558E3}.Release|Any CPU.ActiveCfg = Release|Any CPU
		{5EBD1DED-FC7F-4014-A35C-5F9025F558E3}.Release|Any CPU.Build.0 = Release|Any CPU
		{DD8B1835-316E-414B-8672-CF07320DA6AB}.Debug|Any CPU.ActiveCfg = Debug|Any CPU
		{DD8B1835-316E-414B-8672-CF07320DA6AB}.Debug|Any CPU.Build.0 = Debug|Any CPU
		{DD8B1835-316E-414B-8672-CF07320DA6AB}.Release|Any CPU.ActiveCfg = Release|Any CPU
		{DD8B1835-316E-414B-8672-CF07320DA6AB}.Release|Any CPU.Build.0 = Release|Any CPU
		{12E699D4-0176-4DAE-812F-D626530E244C}.Debug|Any CPU.ActiveCfg = Debug|Any CPU
		{12E699D4-0176-4DAE-812F-D626530E244C}.Debug|Any CPU.Build.0 = Debug|Any CPU
		{12E699D4-0176-4DAE-812F-D626530E244C}.Release|Any CPU.ActiveCfg = Release|Any CPU
		{12E699D4-0176-4DAE-812F-D626530E244C}.Release|Any CPU.Build.0 = Release|Any CPU
		{8DBFD96A-9780-4295-8C1F-B10159C20D73}.Debug|Any CPU.ActiveCfg = Debug|Any CPU
		{8DBFD96A-9780-4295-8C1F-B10159C20D73}.Debug|Any CPU.Build.0 = Debug|Any CPU
		{8DBFD96A-9780-4295-8C1F-B10159C20D73}.Release|Any CPU.ActiveCfg = Release|Any CPU
		{8DBFD96A-9780-4295-8C1F-B10159C20D73}.Release|Any CPU.Build.0 = Release|Any CPU
		{44FE03D4-0695-4835-BF1C-9D08B4CC2B83}.Debug|Any CPU.ActiveCfg = Debug|Any CPU
		{44FE03D4-0695-4835-BF1C-9D08B4CC2B83}.Debug|Any CPU.Build.0 = Debug|Any CPU
		{44FE03D4-0695-4835-BF1C-9D08B4CC2B83}.Release|Any CPU.ActiveCfg = Release|Any CPU
		{44FE03D4-0695-4835-BF1C-9D08B4CC2B83}.Release|Any CPU.Build.0 = Release|Any CPU
		{A35C705A-CE53-4F23-A395-D71437B4BA57}.Debug|Any CPU.ActiveCfg = Debug|Any CPU
		{A35C705A-CE53-4F23-A395-D71437B4BA57}.Debug|Any CPU.Build.0 = Debug|Any CPU
		{A35C705A-CE53-4F23-A395-D71437B4BA57}.Release|Any CPU.ActiveCfg = Release|Any CPU
		{A35C705A-CE53-4F23-A395-D71437B4BA57}.Release|Any CPU.Build.0 = Release|Any CPU
		{4D2A005E-2C6A-496E-9DED-6A7912F4F1F6}.Debug|Any CPU.ActiveCfg = Debug|Any CPU
		{4D2A005E-2C6A-496E-9DED-6A7912F4F1F6}.Debug|Any CPU.Build.0 = Debug|Any CPU
		{4D2A005E-2C6A-496E-9DED-6A7912F4F1F6}.Release|Any CPU.ActiveCfg = Release|Any CPU
		{4D2A005E-2C6A-496E-9DED-6A7912F4F1F6}.Release|Any CPU.Build.0 = Release|Any CPU
		{EC53870E-7F41-477C-ACBE-B444D42CB4CD}.Debug|Any CPU.ActiveCfg = Debug|Any CPU
		{EC53870E-7F41-477C-ACBE-B444D42CB4CD}.Debug|Any CPU.Build.0 = Debug|Any CPU
		{EC53870E-7F41-477C-ACBE-B444D42CB4CD}.Release|Any CPU.ActiveCfg = Release|Any CPU
		{EC53870E-7F41-477C-ACBE-B444D42CB4CD}.Release|Any CPU.Build.0 = Release|Any CPU
		{6AA18D8D-1E89-4BE0-9D47-7AF078EA2A71}.Debug|Any CPU.ActiveCfg = Debug|Any CPU
		{6AA18D8D-1E89-4BE0-9D47-7AF078EA2A71}.Debug|Any CPU.Build.0 = Debug|Any CPU
		{6AA18D8D-1E89-4BE0-9D47-7AF078EA2A71}.Release|Any CPU.ActiveCfg = Release|Any CPU
		{6AA18D8D-1E89-4BE0-9D47-7AF078EA2A71}.Release|Any CPU.Build.0 = Release|Any CPU
		{9F3968FB-89D7-4F13-A645-E19BA1270DC7}.Debug|Any CPU.ActiveCfg = Debug|Any CPU
		{9F3968FB-89D7-4F13-A645-E19BA1270DC7}.Debug|Any CPU.Build.0 = Debug|Any CPU
		{9F3968FB-89D7-4F13-A645-E19BA1270DC7}.Release|Any CPU.ActiveCfg = Release|Any CPU
		{9F3968FB-89D7-4F13-A645-E19BA1270DC7}.Release|Any CPU.Build.0 = Release|Any CPU
		{BFEE405C-8B4C-4204-A73B-6BF8F16D790C}.Debug|Any CPU.ActiveCfg = Debug|Any CPU
		{BFEE405C-8B4C-4204-A73B-6BF8F16D790C}.Debug|Any CPU.Build.0 = Debug|Any CPU
		{BFEE405C-8B4C-4204-A73B-6BF8F16D790C}.Release|Any CPU.ActiveCfg = Release|Any CPU
		{BFEE405C-8B4C-4204-A73B-6BF8F16D790C}.Release|Any CPU.Build.0 = Release|Any CPU
	EndGlobalSection
	GlobalSection(SolutionProperties) = preSolution
		HideSolutionNode = FALSE
	EndGlobalSection
	GlobalSection(NestedProjects) = preSolution
		{8DBFD96A-9780-4295-8C1F-B10159C20D73} = {42521B9B-CA4E-4309-BD02-372A063FD436}
		{44FE03D4-0695-4835-BF1C-9D08B4CC2B83} = {42521B9B-CA4E-4309-BD02-372A063FD436}
		{A35C705A-CE53-4F23-A395-D71437B4BA57} = {42521B9B-CA4E-4309-BD02-372A063FD436}
		{6AA18D8D-1E89-4BE0-9D47-7AF078EA2A71} = {42521B9B-CA4E-4309-BD02-372A063FD436}
		{BFEE405C-8B4C-4204-A73B-6BF8F16D790C} = {42521B9B-CA4E-4309-BD02-372A063FD436}
	EndGlobalSection
	GlobalSection(ExtensibilityGlobals) = postSolution
		SolutionGuid = {90B452BE-EC49-4EF7-9FE7-051960771D1A}
	EndGlobalSection
EndGlobal
